
Microsoft Visual Studio Solution File, Format Version 12.00
# Visual Studio 14
VisualStudioVersion = 14.0.25420.1
MinimumVisualStudioVersion = 10.0.40219.1
Project("{FAE04EC0-301F-11D3-BF4B-00C04F79EFBC}") = "MainProject", "MainProject\MainProject.csproj", "{4F85820C-1886-4F5C-A112-AB4899E2DCFF}"
EndProject
Project("{FAE04EC0-301F-11D3-BF4B-00C04F79EFBC}") = "CustomControls", "CustomControls\CustomControls.csproj", "{57081631-26F3-4B64-901B-71C79F965007}"
EndProject
Project("{FAE04EC0-301F-11D3-BF4B-00C04F79EFBC}") = "JsonHelper", "JsonHelper\JsonHelper.csproj", "{728B57FC-9FE0-4D9B-B679-08ED9370427A}"
EndProject
Project("{FAE04EC0-301F-11D3-BF4B-00C04F79EFBC}") = "LLBT_SignLib", "LLBT_SignLib\LLBT_SignLib.csproj", "{2E5652FB-A314-4F5F-B188-9647D39C68A1}"
EndProject
Project("{8BC9CEB8-8B4A-11D0-8D11-00A0C91BC942}") = "LuaCLib", "LuaCLib\LuaCLib.vcxproj", "{9309ED2D-BB86-43DA-A751-28C0BD036302}"
EndProject
Project("{8BC9CEB8-8B4A-11D0-8D11-00A0C91BC942}") = "LuaRTLib", "LuaRTLib\LuaRTLib.vcxproj", "{2FF6789E-A1CE-4392-966E-239CB86B932B}"
EndProject
Project("{FAE04EC0-301F-11D3-BF4B-00C04F79EFBC}") = "LuaScript", "LuaScript\LuaScript.csproj", "{4FBB6D2F-0D7A-480E-8C19-D4BF70FABCD4}"
EndProject
Project("{FAE04EC0-301F-11D3-BF4B-00C04F79EFBC}") = "TLSLib", "TLSLib\TLSLib.csproj", "{AA5FEF66-9134-47FF-8038-13BC13EE5D2E}"
EndProject
Project("{FAE04EC0-301F-11D3-BF4B-00C04F79EFBC}") = "ToolsLib", "ToolsLib\ToolsLib.csproj", "{ECD3F5F7-2DBC-444A-A5B8-2A8DFA719B35}"
EndProject
Project("{FAE04EC0-301F-11D3-BF4B-00C04F79EFBC}") = "UserControls", "UserControls\UserControls.csproj", "{6D8EA09B-5E91-4B52-B507-49C1C08FFF9A}"
EndProject
Global
	GlobalSection(SolutionConfigurationPlatforms) = preSolution
		Debug|Any CPU = Debug|Any CPU
		Debug|ARM = Debug|ARM
		Debug|x64 = Debug|x64
		Debug|x86 = Debug|x86
		Release|Any CPU = Release|Any CPU
		Release|ARM = Release|ARM
		Release|x64 = Release|x64
		Release|x86 = Release|x86
	EndGlobalSection
	GlobalSection(ProjectConfigurationPlatforms) = postSolution
		{4F85820C-1886-4F5C-A112-AB4899E2DCFF}.Debug|Any CPU.ActiveCfg = Debug|x86
		{4F85820C-1886-4F5C-A112-AB4899E2DCFF}.Debug|ARM.ActiveCfg = Debug|ARM
		{4F85820C-1886-4F5C-A112-AB4899E2DCFF}.Debug|ARM.Build.0 = Debug|ARM
		{4F85820C-1886-4F5C-A112-AB4899E2DCFF}.Debug|ARM.Deploy.0 = Debug|ARM
		{4F85820C-1886-4F5C-A112-AB4899E2DCFF}.Debug|x64.ActiveCfg = Debug|x64
		{4F85820C-1886-4F5C-A112-AB4899E2DCFF}.Debug|x64.Build.0 = Debug|x64
		{4F85820C-1886-4F5C-A112-AB4899E2DCFF}.Debug|x64.Deploy.0 = Debug|x64
		{4F85820C-1886-4F5C-A112-AB4899E2DCFF}.Debug|x86.ActiveCfg = Debug|x86
		{4F85820C-1886-4F5C-A112-AB4899E2DCFF}.Debug|x86.Build.0 = Debug|x86
		{4F85820C-1886-4F5C-A112-AB4899E2DCFF}.Debug|x86.Deploy.0 = Debug|x86
		{4F85820C-1886-4F5C-A112-AB4899E2DCFF}.Release|Any CPU.ActiveCfg = Release|x86
		{4F85820C-1886-4F5C-A112-AB4899E2DCFF}.Release|ARM.ActiveCfg = Release|ARM
		{4F85820C-1886-4F5C-A112-AB4899E2DCFF}.Release|ARM.Build.0 = Release|ARM
		{4F85820C-1886-4F5C-A112-AB4899E2DCFF}.Release|ARM.Deploy.0 = Release|ARM
		{4F85820C-1886-4F5C-A112-AB4899E2DCFF}.Release|x64.ActiveCfg = Release|x64
		{4F85820C-1886-4F5C-A112-AB4899E2DCFF}.Release|x64.Build.0 = Release|x64
		{4F85820C-1886-4F5C-A112-AB4899E2DCFF}.Release|x64.Deploy.0 = Release|x64
		{4F85820C-1886-4F5C-A112-AB4899E2DCFF}.Release|x86.ActiveCfg = Release|x86
		{4F85820C-1886-4F5C-A112-AB4899E2DCFF}.Release|x86.Build.0 = Release|x86
		{4F85820C-1886-4F5C-A112-AB4899E2DCFF}.Release|x86.Deploy.0 = Release|x86
		{57081631-26F3-4B64-901B-71C79F965007}.Debug|Any CPU.ActiveCfg = Debug|Any CPU
		{57081631-26F3-4B64-901B-71C79F965007}.Debug|Any CPU.Build.0 = Debug|Any CPU
		{57081631-26F3-4B64-901B-71C79F965007}.Debug|ARM.ActiveCfg = Debug|ARM
		{57081631-26F3-4B64-901B-71C79F965007}.Debug|ARM.Build.0 = Debug|ARM
		{57081631-26F3-4B64-901B-71C79F965007}.Debug|x64.ActiveCfg = Debug|x64
		{57081631-26F3-4B64-901B-71C79F965007}.Debug|x64.Build.0 = Debug|x64
		{57081631-26F3-4B64-901B-71C79F965007}.Debug|x86.ActiveCfg = Debug|x86
		{57081631-26F3-4B64-901B-71C79F965007}.Debug|x86.Build.0 = Debug|x86
		{57081631-26F3-4B64-901B-71C79F965007}.Release|Any CPU.ActiveCfg = Release|Any CPU
		{57081631-26F3-4B64-901B-71C79F965007}.Release|Any CPU.Build.0 = Release|Any CPU
		{57081631-26F3-4B64-901B-71C79F965007}.Release|ARM.ActiveCfg = Release|ARM
		{57081631-26F3-4B64-901B-71C79F965007}.Release|ARM.Build.0 = Release|ARM
		{57081631-26F3-4B64-901B-71C79F965007}.Release|x64.ActiveCfg = Release|x64
		{57081631-26F3-4B64-901B-71C79F965007}.Release|x64.Build.0 = Release|x64
		{57081631-26F3-4B64-901B-71C79F965007}.Release|x86.ActiveCfg = Release|x86
		{57081631-26F3-4B64-901B-71C79F965007}.Release|x86.Build.0 = Release|x86
		{728B57FC-9FE0-4D9B-B679-08ED9370427A}.Debug|Any CPU.ActiveCfg = Debug|Any CPU
		{728B57FC-9FE0-4D9B-B679-08ED9370427A}.Debug|Any CPU.Build.0 = Debug|Any CPU
		{728B57FC-9FE0-4D9B-B679-08ED9370427A}.Debug|ARM.ActiveCfg = Debug|ARM
		{728B57FC-9FE0-4D9B-B679-08ED9370427A}.Debug|ARM.Build.0 = Debug|ARM
		{728B57FC-9FE0-4D9B-B679-08ED9370427A}.Debug|x64.ActiveCfg = Debug|x64
		{728B57FC-9FE0-4D9B-B679-08ED9370427A}.Debug|x64.Build.0 = Debug|x64
		{728B57FC-9FE0-4D9B-B679-08ED9370427A}.Debug|x86.ActiveCfg = Debug|x86
		{728B57FC-9FE0-4D9B-B679-08ED9370427A}.Debug|x86.Build.0 = Debug|x86
		{728B57FC-9FE0-4D9B-B679-08ED9370427A}.Release|Any CPU.ActiveCfg = Release|Any CPU
		{728B57FC-9FE0-4D9B-B679-08ED9370427A}.Release|Any CPU.Build.0 = Release|Any CPU
		{728B57FC-9FE0-4D9B-B679-08ED9370427A}.Release|ARM.ActiveCfg = Release|ARM
		{728B57FC-9FE0-4D9B-B679-08ED9370427A}.Release|ARM.Build.0 = Release|ARM
		{728B57FC-9FE0-4D9B-B679-08ED9370427A}.Release|x64.ActiveCfg = Release|x64
		{728B57FC-9FE0-4D9B-B679-08ED9370427A}.Release|x64.Build.0 = Release|x64
		{728B57FC-9FE0-4D9B-B679-08ED9370427A}.Release|x86.ActiveCfg = Release|x86
		{728B57FC-9FE0-4D9B-B679-08ED9370427A}.Release|x86.Build.0 = Release|x86
		{2E5652FB-A314-4F5F-B188-9647D39C68A1}.Debug|Any CPU.ActiveCfg = Debug|Any CPU
		{2E5652FB-A314-4F5F-B188-9647D39C68A1}.Debug|Any CPU.Build.0 = Debug|Any CPU
		{2E5652FB-A314-4F5F-B188-9647D39C68A1}.Debug|ARM.ActiveCfg = Debug|ARM
		{2E5652FB-A314-4F5F-B188-9647D39C68A1}.Debug|ARM.Build.0 = Debug|ARM
		{2E5652FB-A314-4F5F-B188-9647D39C68A1}.Debug|x64.ActiveCfg = Debug|x64
		{2E5652FB-A314-4F5F-B188-9647D39C68A1}.Debug|x64.Build.0 = Debug|x64
		{2E5652FB-A314-4F5F-B188-9647D39C68A1}.Debug|x86.ActiveCfg = Debug|x86
		{2E5652FB-A314-4F5F-B188-9647D39C68A1}.Debug|x86.Build.0 = Debug|x86
		{2E5652FB-A314-4F5F-B188-9647D39C68A1}.Release|Any CPU.ActiveCfg = Release|Any CPU
		{2E5652FB-A314-4F5F-B188-9647D39C68A1}.Release|Any CPU.Build.0 = Release|Any CPU
		{2E5652FB-A314-4F5F-B188-9647D39C68A1}.Release|ARM.ActiveCfg = Release|ARM
		{2E5652FB-A314-4F5F-B188-9647D39C68A1}.Release|ARM.Build.0 = Release|ARM
		{2E5652FB-A314-4F5F-B188-9647D39C68A1}.Release|x64.ActiveCfg = Release|x64
		{2E5652FB-A314-4F5F-B188-9647D39C68A1}.Release|x64.Build.0 = Release|x64
		{2E5652FB-A314-4F5F-B188-9647D39C68A1}.Release|x86.ActiveCfg = Release|x86
		{2E5652FB-A314-4F5F-B188-9647D39C68A1}.Release|x86.Build.0 = Release|x86
		{9309ED2D-BB86-43DA-A751-28C0BD036302}.Debug|Any CPU.ActiveCfg = Debug|Win32
		{9309ED2D-BB86-43DA-A751-28C0BD036302}.Debug|ARM.ActiveCfg = Debug|ARM
		{9309ED2D-BB86-43DA-A751-28C0BD036302}.Debug|ARM.Build.0 = Debug|ARM
		{9309ED2D-BB86-43DA-A751-28C0BD036302}.Debug|x64.ActiveCfg = Debug|x64
		{9309ED2D-BB86-43DA-A751-28C0BD036302}.Debug|x64.Build.0 = Debug|x64
		{9309ED2D-BB86-43DA-A751-28C0BD036302}.Debug|x86.ActiveCfg = Debug|Win32
		{9309ED2D-BB86-43DA-A751-28C0BD036302}.Debug|x86.Build.0 = Debug|Win32
		{9309ED2D-BB86-43DA-A751-28C0BD036302}.Release|Any CPU.ActiveCfg = Release|Win32
		{9309ED2D-BB86-43DA-A751-28C0BD036302}.Release|ARM.ActiveCfg = Release|ARM
		{9309ED2D-BB86-43DA-A751-28C0BD036302}.Release|ARM.Build.0 = Release|ARM
		{9309ED2D-BB86-43DA-A751-28C0BD036302}.Release|x64.ActiveCfg = Release|x64
		{9309ED2D-BB86-43DA-A751-28C0BD036302}.Release|x64.Build.0 = Release|x64
		{9309ED2D-BB86-43DA-A751-28C0BD036302}.Release|x86.ActiveCfg = Release|Win32
		{9309ED2D-BB86-43DA-A751-28C0BD036302}.Release|x86.Build.0 = Release|Win32
		{2FF6789E-A1CE-4392-966E-239CB86B932B}.Debug|Any CPU.ActiveCfg = Debug|Win32
		{2FF6789E-A1CE-4392-966E-239CB86B932B}.Debug|ARM.ActiveCfg = Debug|ARM
		{2FF6789E-A1CE-4392-966E-239CB86B932B}.Debug|ARM.Build.0 = Debug|ARM
		{2FF6789E-A1CE-4392-966E-239CB86B932B}.Debug|x64.ActiveCfg = Debug|x64
		{2FF6789E-A1CE-4392-966E-239CB86B932B}.Debug|x64.Build.0 = Debug|x64
		{2FF6789E-A1CE-4392-966E-239CB86B932B}.Debug|x86.ActiveCfg = Debug|Win32
		{2FF6789E-A1CE-4392-966E-239CB86B932B}.Debug|x86.Build.0 = Debug|Win32
		{2FF6789E-A1CE-4392-966E-239CB86B932B}.Release|Any CPU.ActiveCfg = Release|Win32
		{2FF6789E-A1CE-4392-966E-239CB86B932B}.Release|ARM.ActiveCfg = Release|ARM
		{2FF6789E-A1CE-4392-966E-239CB86B932B}.Release|ARM.Build.0 = Release|ARM
		{2FF6789E-A1CE-4392-966E-239CB86B932B}.Release|x64.ActiveCfg = Release|x64
		{2FF6789E-A1CE-4392-966E-239CB86B932B}.Release|x64.Build.0 = Release|x64
		{2FF6789E-A1CE-4392-966E-239CB86B932B}.Release|x86.ActiveCfg = Release|Win32
		{2FF6789E-A1CE-4392-966E-239CB86B932B}.Release|x86.Build.0 = Release|Win32
		{4FBB6D2F-0D7A-480E-8C19-D4BF70FABCD4}.Debug|Any CPU.ActiveCfg = Debug|Any CPU
		{4FBB6D2F-0D7A-480E-8C19-D4BF70FABCD4}.Debug|Any CPU.Build.0 = Debug|Any CPU
		{4FBB6D2F-0D7A-480E-8C19-D4BF70FABCD4}.Debug|ARM.ActiveCfg = Debug|ARM
		{4FBB6D2F-0D7A-480E-8C19-D4BF70FABCD4}.Debug|ARM.Build.0 = Debug|ARM
		{4FBB6D2F-0D7A-480E-8C19-D4BF70FABCD4}.Debug|x64.ActiveCfg = Debug|x64
		{4FBB6D2F-0D7A-480E-8C19-D4BF70FABCD4}.Debug|x64.Build.0 = Debug|x64
		{4FBB6D2F-0D7A-480E-8C19-D4BF70FABCD4}.Debug|x86.ActiveCfg = Debug|x86
		{4FBB6D2F-0D7A-480E-8C19-D4BF70FABCD4}.Debug|x86.Build.0 = Debug|x86
		{4FBB6D2F-0D7A-480E-8C19-D4BF70FABCD4}.Release|Any CPU.ActiveCfg = Release|Any CPU
		{4FBB6D2F-0D7A-480E-8C19-D4BF70FABCD4}.Release|Any CPU.Build.0 = Release|Any CPU
		{4FBB6D2F-0D7A-480E-8C19-D4BF70FABCD4}.Release|ARM.ActiveCfg = Release|ARM
		{4FBB6D2F-0D7A-480E-8C19-D4BF70FABCD4}.Release|ARM.Build.0 = Release|ARM
		{4FBB6D2F-0D7A-480E-8C19-D4BF70FABCD4}.Release|x64.ActiveCfg = Release|x64
		{4FBB6D2F-0D7A-480E-8C19-D4BF70FABCD4}.Release|x64.Build.0 = Release|x64
		{4FBB6D2F-0D7A-480E-8C19-D4BF70FABCD4}.Release|x86.ActiveCfg = Release|x86
		{4FBB6D2F-0D7A-480E-8C19-D4BF70FABCD4}.Release|x86.Build.0 = Release|x86
		{AA5FEF66-9134-47FF-8038-13BC13EE5D2E}.Debug|Any CPU.ActiveCfg = Debug|Any CPU
		{AA5FEF66-9134-47FF-8038-13BC13EE5D2E}.Debug|Any CPU.Build.0 = Debug|Any CPU
		{AA5FEF66-9134-47FF-8038-13BC13EE5D2E}.Debug|ARM.ActiveCfg = Debug|ARM
		{AA5FEF66-9134-47FF-8038-13BC13EE5D2E}.Debug|ARM.Build.0 = Debug|ARM
		{AA5FEF66-9134-47FF-8038-13BC13EE5D2E}.Debug|x64.ActiveCfg = Debug|x64
		{AA5FEF66-9134-47FF-8038-13BC13EE5D2E}.Debug|x64.Build.0 = Debug|x64
		{AA5FEF66-9134-47FF-8038-13BC13EE5D2E}.Debug|x86.ActiveCfg = Debug|x86
		{AA5FEF66-9134-47FF-8038-13BC13EE5D2E}.Debug|x86.Build.0 = Debug|x86
		{AA5FEF66-9134-47FF-8038-13BC13EE5D2E}.Release|Any CPU.ActiveCfg = Release|Any CPU
		{AA5FEF66-9134-47FF-8038-13BC13EE5D2E}.Release|Any CPU.Build.0 = Release|Any CPU
		{AA5FEF66-9134-47FF-8038-13BC13EE5D2E}.Release|ARM.ActiveCfg = Release|ARM
		{AA5FEF66-9134-47FF-8038-13BC13EE5D2E}.Release|ARM.Build.0 = Release|ARM
		{AA5FEF66-9134-47FF-8038-13BC13EE5D2E}.Release|x64.ActiveCfg = Release|x64
		{AA5FEF66-9134-47FF-8038-13BC13EE5D2E}.Release|x64.Build.0 = Release|x64
		{AA5FEF66-9134-47FF-8038-13BC13EE5D2E}.Release|x86.ActiveCfg = Release|x86
		{AA5FEF66-9134-47FF-8038-13BC13EE5D2E}.Release|x86.Build.0 = Release|x86
		{ECD3F5F7-2DBC-444A-A5B8-2A8DFA719B35}.Debug|Any CPU.ActiveCfg = Debug|Any CPU
		{ECD3F5F7-2DBC-444A-A5B8-2A8DFA719B35}.Debug|Any CPU.Build.0 = Debug|Any CPU
		{ECD3F5F7-2DBC-444A-A5B8-2A8DFA719B35}.Debug|ARM.ActiveCfg = Debug|ARM
		{ECD3F5F7-2DBC-444A-A5B8-2A8DFA719B35}.Debug|ARM.Build.0 = Debug|ARM
		{ECD3F5F7-2DBC-444A-A5B8-2A8DFA719B35}.Debug|x64.ActiveCfg = Debug|x64
		{ECD3F5F7-2DBC-444A-A5B8-2A8DFA719B35}.Debug|x64.Build.0 = Debug|x64
		{ECD3F5F7-2DBC-444A-A5B8-2A8DFA719B35}.Debug|x86.ActiveCfg = Debug|x86
		{ECD3F5F7-2DBC-444A-A5B8-2A8DFA719B35}.Debug|x86.Build.0 = Debug|x86
		{ECD3F5F7-2DBC-444A-A5B8-2A8DFA719B35}.Release|Any CPU.ActiveCfg = Release|Any CPU
		{ECD3F5F7-2DBC-444A-A5B8-2A8DFA719B35}.Release|Any CPU.Build.0 = Release|Any CPU
		{ECD3F5F7-2DBC-444A-A5B8-2A8DFA719B35}.Release|ARM.ActiveCfg = Release|ARM
		{ECD3F5F7-2DBC-444A-A5B8-2A8DFA719B35}.Release|ARM.Build.0 = Release|ARM
		{ECD3F5F7-2DBC-444A-A5B8-2A8DFA719B35}.Release|x64.ActiveCfg = Release|x64
		{ECD3F5F7-2DBC-444A-A5B8-2A8DFA719B35}.Release|x64.Build.0 = Release|x64
		{ECD3F5F7-2DBC-444A-A5B8-2A8DFA719B35}.Release|x86.ActiveCfg = Release|x86
		{ECD3F5F7-2DBC-444A-A5B8-2A8DFA719B35}.Release|x86.Build.0 = Release|x86
		{6D8EA09B-5E91-4B52-B507-49C1C08FFF9A}.Debug|Any CPU.ActiveCfg = Debug|Any CPU
		{6D8EA09B-5E91-4B52-B507-49C1C08FFF9A}.Debug|Any CPU.Build.0 = Debug|Any CPU
		{6D8EA09B-5E91-4B52-B507-49C1C08FFF9A}.Debug|ARM.ActiveCfg = Debug|ARM
		{6D8EA09B-5E91-4B52-B507-49C1C08FFF9A}.Debug|ARM.Build.0 = Debug|ARM
		{6D8EA09B-5E91-4B52-B507-49C1C08FFF9A}.Debug|x64.ActiveCfg = Debug|x64
		{6D8EA09B-5E91-4B52-B507-49C1C08FFF9A}.Debug|x64.Build.0 = Debug|x64
		{6D8EA09B-5E91-4B52-B507-49C1C08FFF9A}.Debug|x86.ActiveCfg = Debug|x86
		{6D8EA09B-5E91-4B52-B507-49C1C08FFF9A}.Debug|x86.Build.0 = Debug|x86
		{6D8EA09B-5E91-4B52-B507-49C1C08FFF9A}.Release|Any CPU.ActiveCfg = Release|Any CPU
		{6D8EA09B-5E91-4B52-B507-49C1C08FFF9A}.Release|Any CPU.Build.0 = Release|Any CPU
		{6D8EA09B-5E91-4B52-B507-49C1C08FFF9A}.Release|ARM.ActiveCfg = Release|ARM
		{6D8EA09B-5E91-4B52-B507-49C1C08FFF9A}.Release|ARM.Build.0 = Release|ARM
		{6D8EA09B-5E91-4B52-B507-49C1C08FFF9A}.Release|x64.ActiveCfg = Release|x64
		{6D8EA09B-5E91-4B52-B507-49C1C08FFF9A}.Release|x64.Build.0 = Release|x64
		{6D8EA09B-5E91-4B52-B507-49C1C08FFF9A}.Release|x86.ActiveCfg = Release|x86
		{6D8EA09B-5E91-4B52-B507-49C1C08FFF9A}.Release|x86.Build.0 = Release|x86
	EndGlobalSection
	GlobalSection(SolutionProperties) = preSolution
		HideSolutionNode = FALSE
	EndGlobalSection
EndGlobal
